// !$*UTF8*$!
{
	archiveVersion = 1;
	classes = {
	};
	objectVersion = 56;
	objects = {

/* Begin PBXBuildFile section */
		8B16534C2C10ED4C002EA1DE /* CollectionViewModel.swift in Sources */ = {isa = PBXBuildFile; fileRef = 8B16534B2C10ED4C002EA1DE /* CollectionViewModel.swift */; };
		8B16534F2C10FC2A002EA1DE /* CreateCollectionViewModel.swift in Sources */ = {isa = PBXBuildFile; fileRef = 8B16534E2C10FC2A002EA1DE /* CreateCollectionViewModel.swift */; };
		8B3734BB2C05DC7B00D1A4CE /* LearningAppApp.swift in Sources */ = {isa = PBXBuildFile; fileRef = 8B3734BA2C05DC7B00D1A4CE /* LearningAppApp.swift */; };
		8B3734BD2C05DC7B00D1A4CE /* ContentView.swift in Sources */ = {isa = PBXBuildFile; fileRef = 8B3734BC2C05DC7B00D1A4CE /* ContentView.swift */; };
		8B3734BF2C05DC7D00D1A4CE /* Assets.xcassets in Resources */ = {isa = PBXBuildFile; fileRef = 8B3734BE2C05DC7D00D1A4CE /* Assets.xcassets */; };
		8B3734C22C05DC7D00D1A4CE /* Preview Assets.xcassets in Resources */ = {isa = PBXBuildFile; fileRef = 8B3734C12C05DC7D00D1A4CE /* Preview Assets.xcassets */; };
		8B3734C42C05DC7D00D1A4CE /* Persistence.swift in Sources */ = {isa = PBXBuildFile; fileRef = 8B3734C32C05DC7D00D1A4CE /* Persistence.swift */; };
		8B3734C72C05DC7D00D1A4CE /* LearningApp.xcdatamodeld in Sources */ = {isa = PBXBuildFile; fileRef = 8B3734C52C05DC7D00D1A4CE /* LearningApp.xcdatamodeld */; };
		8B80CDB32C0E5FF90083F145 /* Answer+CoreDataClass.swift in Sources */ = {isa = PBXBuildFile; fileRef = 8B80CDAD2C0E5FF90083F145 /* Answer+CoreDataClass.swift */; };
		8B80CDB42C0E5FF90083F145 /* Answer+CoreDataProperties.swift in Sources */ = {isa = PBXBuildFile; fileRef = 8B80CDAE2C0E5FF90083F145 /* Answer+CoreDataProperties.swift */; };
		8B80CDB52C0E5FF90083F145 /* Flashcard+CoreDataClass.swift in Sources */ = {isa = PBXBuildFile; fileRef = 8B80CDAF2C0E5FF90083F145 /* Flashcard+CoreDataClass.swift */; };
		8B80CDB62C0E5FF90083F145 /* Flashcard+CoreDataProperties.swift in Sources */ = {isa = PBXBuildFile; fileRef = 8B80CDB02C0E5FF90083F145 /* Flashcard+CoreDataProperties.swift */; };
		8B80CDB72C0E5FF90083F145 /* Collection+CoreDataClass.swift in Sources */ = {isa = PBXBuildFile; fileRef = 8B80CDB12C0E5FF90083F145 /* Collection+CoreDataClass.swift */; };
		8B80CDB82C0E5FF90083F145 /* Collection+CoreDataProperties.swift in Sources */ = {isa = PBXBuildFile; fileRef = 8B80CDB22C0E5FF90083F145 /* Collection+CoreDataProperties.swift */; };
		8BBFC8232C0FB7D400F1D20E /* CollectionListElement.swift in Sources */ = {isa = PBXBuildFile; fileRef = 8BBFC8222C0FB7D400F1D20E /* CollectionListElement.swift */; };
		8BBFC8262C0FBCA300F1D20E /* CreateCollectionView.swift in Sources */ = {isa = PBXBuildFile; fileRef = 8BBFC8252C0FBCA200F1D20E /* CreateCollectionView.swift */; };
		8BBFC8292C0FC15E00F1D20E /* CollectionView.swift in Sources */ = {isa = PBXBuildFile; fileRef = 8BBFC8282C0FC15E00F1D20E /* CollectionView.swift */; };
/* End PBXBuildFile section */

/* Begin PBXFileReference section */
		8B16534B2C10ED4C002EA1DE /* CollectionViewModel.swift */ = {isa = PBXFileReference; lastKnownFileType = sourcecode.swift; path = CollectionViewModel.swift; sourceTree = "<group>"; };
		8B16534E2C10FC2A002EA1DE /* CreateCollectionViewModel.swift */ = {isa = PBXFileReference; lastKnownFileType = sourcecode.swift; path = CreateCollectionViewModel.swift; sourceTree = "<group>"; };
		8B3734B72C05DC7B00D1A4CE /* LearningApp.app */ = {isa = PBXFileReference; explicitFileType = wrapper.application; includeInIndex = 0; path = LearningApp.app; sourceTree = BUILT_PRODUCTS_DIR; };
		8B3734BA2C05DC7B00D1A4CE /* LearningAppApp.swift */ = {isa = PBXFileReference; lastKnownFileType = sourcecode.swift; path = LearningAppApp.swift; sourceTree = "<group>"; };
		8B3734BC2C05DC7B00D1A4CE /* ContentView.swift */ = {isa = PBXFileReference; lastKnownFileType = sourcecode.swift; path = ContentView.swift; sourceTree = "<group>"; };
		8B3734BE2C05DC7D00D1A4CE /* Assets.xcassets */ = {isa = PBXFileReference; lastKnownFileType = folder.assetcatalog; path = Assets.xcassets; sourceTree = "<group>"; };
		8B3734C12C05DC7D00D1A4CE /* Preview Assets.xcassets */ = {isa = PBXFileReference; lastKnownFileType = folder.assetcatalog; path = "Preview Assets.xcassets"; sourceTree = "<group>"; };
		8B3734C32C05DC7D00D1A4CE /* Persistence.swift */ = {isa = PBXFileReference; lastKnownFileType = sourcecode.swift; path = Persistence.swift; sourceTree = "<group>"; };
		8B3734C62C05DC7D00D1A4CE /* LearningApp.xcdatamodel */ = {isa = PBXFileReference; lastKnownFileType = wrapper.xcdatamodel; path = LearningApp.xcdatamodel; sourceTree = "<group>"; };
		8B80CDAD2C0E5FF90083F145 /* Answer+CoreDataClass.swift */ = {isa = PBXFileReference; lastKnownFileType = sourcecode.swift; path = "Answer+CoreDataClass.swift"; sourceTree = "<group>"; };
		8B80CDAE2C0E5FF90083F145 /* Answer+CoreDataProperties.swift */ = {isa = PBXFileReference; lastKnownFileType = sourcecode.swift; path = "Answer+CoreDataProperties.swift"; sourceTree = "<group>"; };
		8B80CDAF2C0E5FF90083F145 /* Flashcard+CoreDataClass.swift */ = {isa = PBXFileReference; lastKnownFileType = sourcecode.swift; path = "Flashcard+CoreDataClass.swift"; sourceTree = "<group>"; };
		8B80CDB02C0E5FF90083F145 /* Flashcard+CoreDataProperties.swift */ = {isa = PBXFileReference; lastKnownFileType = sourcecode.swift; path = "Flashcard+CoreDataProperties.swift"; sourceTree = "<group>"; };
		8B80CDB12C0E5FF90083F145 /* Collection+CoreDataClass.swift */ = {isa = PBXFileReference; lastKnownFileType = sourcecode.swift; path = "Collection+CoreDataClass.swift"; sourceTree = "<group>"; };
		8B80CDB22C0E5FF90083F145 /* Collection+CoreDataProperties.swift */ = {isa = PBXFileReference; lastKnownFileType = sourcecode.swift; path = "Collection+CoreDataProperties.swift"; sourceTree = "<group>"; };
		8BBFC8222C0FB7D400F1D20E /* CollectionListElement.swift */ = {isa = PBXFileReference; lastKnownFileType = sourcecode.swift; path = CollectionListElement.swift; sourceTree = "<group>"; };
		8BBFC8252C0FBCA200F1D20E /* CreateCollectionView.swift */ = {isa = PBXFileReference; lastKnownFileType = sourcecode.swift; path = CreateCollectionView.swift; sourceTree = "<group>"; };
		8BBFC8282C0FC15E00F1D20E /* CollectionView.swift */ = {isa = PBXFileReference; lastKnownFileType = sourcecode.swift; path = CollectionView.swift; sourceTree = "<group>"; };
/* End PBXFileReference section */

/* Begin PBXFrameworksBuildPhase section */
		8B3734B42C05DC7B00D1A4CE /* Frameworks */ = {
			isa = PBXFrameworksBuildPhase;
			buildActionMask = 2147483647;
			files = (
			);
			runOnlyForDeploymentPostprocessing = 0;
		};
/* End PBXFrameworksBuildPhase section */

/* Begin PBXGroup section */
		8B16534D2C10EE81002EA1DE /* CreateCollection */ = {
			isa = PBXGroup;
			children = (
				8B16534E2C10FC2A002EA1DE /* CreateCollectionViewModel.swift */,
				8BBFC8252C0FBCA200F1D20E /* CreateCollectionView.swift */,
			);
			path = CreateCollection;
			sourceTree = "<group>";
		};
		8B3734AE2C05DC7B00D1A4CE = {
			isa = PBXGroup;
			children = (
				8B3734B92C05DC7B00D1A4CE /* LearningApp */,
				8B3734B82C05DC7B00D1A4CE /* Products */,
			);
			sourceTree = "<group>";
		};
		8B3734B82C05DC7B00D1A4CE /* Products */ = {
			isa = PBXGroup;
			children = (
				8B3734B72C05DC7B00D1A4CE /* LearningApp.app */,
			);
			name = Products;
			sourceTree = "<group>";
		};
		8B3734B92C05DC7B00D1A4CE /* LearningApp */ = {
			isa = PBXGroup;
			children = (
				8B7B04D32C11A644004E2653 /* DB */,
				8B16534D2C10EE81002EA1DE /* CreateCollection */,
				8BBFC8272C0FC0C400F1D20E /* Collection */,
				8BBFC8212C0FB76700F1D20E /* Main */,
				8B3734BA2C05DC7B00D1A4CE /* LearningAppApp.swift */,
				8B3734BE2C05DC7D00D1A4CE /* Assets.xcassets */,
				8B3734C32C05DC7D00D1A4CE /* Persistence.swift */,
				8B3734C52C05DC7D00D1A4CE /* LearningApp.xcdatamodeld */,
				8B3734C02C05DC7D00D1A4CE /* Preview Content */,
			);
			path = LearningApp;
			sourceTree = "<group>";
		};
		8B3734C02C05DC7D00D1A4CE /* Preview Content */ = {
			isa = PBXGroup;
			children = (
				8B3734C12C05DC7D00D1A4CE /* Preview Assets.xcassets */,
			);
			path = "Preview Content";
			sourceTree = "<group>";
		};
		8B7B04D32C11A644004E2653 /* DB */ = {
			isa = PBXGroup;
			children = (
				8B80CDAD2C0E5FF90083F145 /* Answer+CoreDataClass.swift */,
				8B80CDAE2C0E5FF90083F145 /* Answer+CoreDataProperties.swift */,
				8B80CDAF2C0E5FF90083F145 /* Flashcard+CoreDataClass.swift */,
				8B80CDB02C0E5FF90083F145 /* Flashcard+CoreDataProperties.swift */,
				8B80CDB12C0E5FF90083F145 /* Collection+CoreDataClass.swift */,
				8B80CDB22C0E5FF90083F145 /* Collection+CoreDataProperties.swift */,
			);
			path = DB;
			sourceTree = "<group>";
		};
		8BBFC8212C0FB76700F1D20E /* Main */ = {
			isa = PBXGroup;
			children = (
				8B3734BC2C05DC7B00D1A4CE /* ContentView.swift */,
				8BBFC8222C0FB7D400F1D20E /* CollectionListElement.swift */,
			);
			path = Main;
			sourceTree = "<group>";
		};
		8BBFC8272C0FC0C400F1D20E /* Collection */ = {
			isa = PBXGroup;
			children = (
				8B16534B2C10ED4C002EA1DE /* CollectionViewModel.swift */,
				8BBFC8282C0FC15E00F1D20E /* CollectionView.swift */,
			);
			path = Collection;
			sourceTree = "<group>";
		};
/* End PBXGroup section */

/* Begin PBXNativeTarget section */
		8B3734B62C05DC7B00D1A4CE /* LearningApp */ = {
			isa = PBXNativeTarget;
			buildConfigurationList = 8B3734CA2C05DC7D00D1A4CE /* Build configuration list for PBXNativeTarget "LearningApp" */;
			buildPhases = (
				8B3734B32C05DC7B00D1A4CE /* Sources */,
				8B3734B42C05DC7B00D1A4CE /* Frameworks */,
				8B3734B52C05DC7B00D1A4CE /* Resources */,
			);
			buildRules = (
			);
			dependencies = (
			);
			name = LearningApp;
			productName = LearningApp;
			productReference = 8B3734B72C05DC7B00D1A4CE /* LearningApp.app */;
			productType = "com.apple.product-type.application";
		};
/* End PBXNativeTarget section */

/* Begin PBXProject section */
		8B3734AF2C05DC7B00D1A4CE /* Project object */ = {
			isa = PBXProject;
			attributes = {
				BuildIndependentTargetsInParallel = 1;
				LastSwiftUpdateCheck = 1520;
				LastUpgradeCheck = 1520;
				TargetAttributes = {
					8B3734B62C05DC7B00D1A4CE = {
						CreatedOnToolsVersion = 15.2;
					};
				};
			};
			buildConfigurationList = 8B3734B22C05DC7B00D1A4CE /* Build configuration list for PBXProject "LearningApp" */;
			compatibilityVersion = "Xcode 14.0";
			developmentRegion = en;
			hasScannedForEncodings = 0;
			knownRegions = (
				en,
				Base,
			);
			mainGroup = 8B3734AE2C05DC7B00D1A4CE;
			productRefGroup = 8B3734B82C05DC7B00D1A4CE /* Products */;
			projectDirPath = "";
			projectRoot = "";
			targets = (
				8B3734B62C05DC7B00D1A4CE /* LearningApp */,
			);
		};
/* End PBXProject section */

/* Begin PBXResourcesBuildPhase section */
		8B3734B52C05DC7B00D1A4CE /* Resources */ = {
			isa = PBXResourcesBuildPhase;
			buildActionMask = 2147483647;
			files = (
				8B3734C22C05DC7D00D1A4CE /* Preview Assets.xcassets in Resources */,
				8B3734BF2C05DC7D00D1A4CE /* Assets.xcassets in Resources */,
			);
			runOnlyForDeploymentPostprocessing = 0;
		};
/* End PBXResourcesBuildPhase section */

/* Begin PBXSourcesBuildPhase section */
		8B3734B32C05DC7B00D1A4CE /* Sources */ = {
			isa = PBXSourcesBuildPhase;
			buildActionMask = 2147483647;
			files = (
				8B80CDB62C0E5FF90083F145 /* Flashcard+CoreDataProperties.swift in Sources */,
				8B3734C42C05DC7D00D1A4CE /* Persistence.swift in Sources */,
				8B16534C2C10ED4C002EA1DE /* CollectionViewModel.swift in Sources */,
				8B80CDB52C0E5FF90083F145 /* Flashcard+CoreDataClass.swift in Sources */,
				8B3734C72C05DC7D00D1A4CE /* LearningApp.xcdatamodeld in Sources */,
				8B16534F2C10FC2A002EA1DE /* CreateCollectionViewModel.swift in Sources */,
				8BBFC8262C0FBCA300F1D20E /* CreateCollectionView.swift in Sources */,
				8BBFC8292C0FC15E00F1D20E /* CollectionView.swift in Sources */,
				8B80CDB72C0E5FF90083F145 /* Collection+CoreDataClass.swift in Sources */,
				8B3734BD2C05DC7B00D1A4CE /* ContentView.swift in Sources */,
				8B80CDB32C0E5FF90083F145 /* Answer+CoreDataClass.swift in Sources */,
				8B3734BB2C05DC7B00D1A4CE /* LearningAppApp.swift in Sources */,
				8BBFC8232C0FB7D400F1D20E /* CollectionListElement.swift in Sources */,
				8B80CDB42C0E5FF90083F145 /* Answer+CoreDataProperties.swift in Sources */,
				8B80CDB82C0E5FF90083F145 /* Collection+CoreDataProperties.swift in Sources */,
			);
			runOnlyForDeploymentPostprocessing = 0;
		};
/* End PBXSourcesBuildPhase section */

/* Begin XCBuildConfiguration section */
		8B3734C82C05DC7D00D1A4CE /* Debug */ = {
			isa = XCBuildConfiguration;
			buildSettings = {
				ALWAYS_SEARCH_USER_PATHS = NO;
				ASSETCATALOG_COMPILER_GENERATE_SWIFT_ASSET_SYMBOL_EXTENSIONS = YES;
				CLANG_ANALYZER_NONNULL = YES;
				CLANG_ANALYZER_NUMBER_OBJECT_CONVERSION = YES_AGGRESSIVE;
				CLANG_CXX_LANGUAGE_STANDARD = "gnu++20";
				CLANG_ENABLE_MODULES = YES;
				CLANG_ENABLE_OBJC_ARC = YES;
				CLANG_ENABLE_OBJC_WEAK = YES;
				CLANG_WARN_BLOCK_CAPTURE_AUTORELEASING = YES;
				CLANG_WARN_BOOL_CONVERSION = YES;
				CLANG_WARN_COMMA = YES;
				CLANG_WARN_CONSTANT_CONVERSION = YES;
				CLANG_WARN_DEPRECATED_OBJC_IMPLEMENTATIONS = YES;
				CLANG_WARN_DIRECT_OBJC_ISA_USAGE = YES_ERROR;
				CLANG_WARN_DOCUMENTATION_COMMENTS = YES;
				CLANG_WARN_EMPTY_BODY = YES;
				CLANG_WARN_ENUM_CONVERSION = YES;
				CLANG_WARN_INFINITE_RECURSION = YES;
				CLANG_WARN_INT_CONVERSION = YES;
				CLANG_WARN_NON_LITERAL_NULL_CONVERSION = YES;
				CLANG_WARN_OBJC_IMPLICIT_RETAIN_SELF = YES;
				CLANG_WARN_OBJC_LITERAL_CONVERSION = YES;
				CLANG_WARN_OBJC_ROOT_CLASS = YES_ERROR;
				CLANG_WARN_QUOTED_INCLUDE_IN_FRAMEWORK_HEADER = YES;
				CLANG_WARN_RANGE_LOOP_ANALYSIS = YES;
				CLANG_WARN_STRICT_PROTOTYPES = YES;
				CLANG_WARN_SUSPICIOUS_MOVE = YES;
				CLANG_WARN_UNGUARDED_AVAILABILITY = YES_AGGRESSIVE;
				CLANG_WARN_UNREACHABLE_CODE = YES;
				CLANG_WARN__DUPLICATE_METHOD_MATCH = YES;
				COPY_PHASE_STRIP = NO;
				DEBUG_INFORMATION_FORMAT = dwarf;
				ENABLE_STRICT_OBJC_MSGSEND = YES;
				ENABLE_TESTABILITY = YES;
				ENABLE_USER_SCRIPT_SANDBOXING = YES;
				GCC_C_LANGUAGE_STANDARD = gnu17;
				GCC_DYNAMIC_NO_PIC = NO;
				GCC_NO_COMMON_BLOCKS = YES;
				GCC_OPTIMIZATION_LEVEL = 0;
				GCC_PREPROCESSOR_DEFINITIONS = (
					"DEBUG=1",
					"$(inherited)",
				);
				GCC_WARN_64_TO_32_BIT_CONVERSION = YES;
				GCC_WARN_ABOUT_RETURN_TYPE = YES_ERROR;
				GCC_WARN_UNDECLARED_SELECTOR = YES;
				GCC_WARN_UNINITIALIZED_AUTOS = YES_AGGRESSIVE;
				GCC_WARN_UNUSED_FUNCTION = YES;
				GCC_WARN_UNUSED_VARIABLE = YES;
				IPHONEOS_DEPLOYMENT_TARGET = 17.2;
				LOCALIZATION_PREFERS_STRING_CATALOGS = YES;
				MTL_ENABLE_DEBUG_INFO = INCLUDE_SOURCE;
				MTL_FAST_MATH = YES;
				ONLY_ACTIVE_ARCH = YES;
				SDKROOT = iphoneos;
				SWIFT_ACTIVE_COMPILATION_CONDITIONS = "DEBUG $(inherited)";
				SWIFT_OPTIMIZATION_LEVEL = "-Onone";
			};
			name = Debug;
		};
		8B3734C92C05DC7D00D1A4CE /* Release */ = {
			isa = XCBuildConfiguration;
			buildSettings = {
				ALWAYS_SEARCH_USER_PATHS = NO;
				ASSETCATALOG_COMPILER_GENERATE_SWIFT_ASSET_SYMBOL_EXTENSIONS = YES;
				CLANG_ANALYZER_NONNULL = YES;
				CLANG_ANALYZER_NUMBER_OBJECT_CONVERSION = YES_AGGRESSIVE;
				CLANG_CXX_LANGUAGE_STANDARD = "gnu++20";
				CLANG_ENABLE_MODULES = YES;
				CLANG_ENABLE_OBJC_ARC = YES;
				CLANG_ENABLE_OBJC_WEAK = YES;
				CLANG_WARN_BLOCK_CAPTURE_AUTORELEASING = YES;
				CLANG_WARN_BOOL_CONVERSION = YES;
				CLANG_WARN_COMMA = YES;
				CLANG_WARN_CONSTANT_CONVERSION = YES;
				CLANG_WARN_DEPRECATED_OBJC_IMPLEMENTATIONS = YES;
				CLANG_WARN_DIRECT_OBJC_ISA_USAGE = YES_ERROR;
				CLANG_WARN_DOCUMENTATION_COMMENTS = YES;
				CLANG_WARN_EMPTY_BODY = YES;
				CLANG_WARN_ENUM_CONVERSION = YES;
				CLANG_WARN_INFINITE_RECURSION = YES;
				CLANG_WARN_INT_CONVERSION = YES;
				CLANG_WARN_NON_LITERAL_NULL_CONVERSION = YES;
				CLANG_WARN_OBJC_IMPLICIT_RETAIN_SELF = YES;
				CLANG_WARN_OBJC_LITERAL_CONVERSION = YES;
				CLANG_WARN_OBJC_ROOT_CLASS = YES_ERROR;
				CLANG_WARN_QUOTED_INCLUDE_IN_FRAMEWORK_HEADER = YES;
				CLANG_WARN_RANGE_LOOP_ANALYSIS = YES;
				CLANG_WARN_STRICT_PROTOTYPES = YES;
				CLANG_WARN_SUSPICIOUS_MOVE = YES;
				CLANG_WARN_UNGUARDED_AVAILABILITY = YES_AGGRESSIVE;
				CLANG_WARN_UNREACHABLE_CODE = YES;
				CLANG_WARN__DUPLICATE_METHOD_MATCH = YES;
				COPY_PHASE_STRIP = NO;
				DEBUG_INFORMATION_FORMAT = "dwarf-with-dsym";
				ENABLE_NS_ASSERTIONS = NO;
				ENABLE_STRICT_OBJC_MSGSEND = YES;
				ENABLE_USER_SCRIPT_SANDBOXING = YES;
				GCC_C_LANGUAGE_STANDARD = gnu17;
				GCC_NO_COMMON_BLOCKS = YES;
				GCC_WARN_64_TO_32_BIT_CONVERSION = YES;
				GCC_WARN_ABOUT_RETURN_TYPE = YES_ERROR;
				GCC_WARN_UNDECLARED_SELECTOR = YES;
				GCC_WARN_UNINITIALIZED_AUTOS = YES_AGGRESSIVE;
				GCC_WARN_UNUSED_FUNCTION = YES;
				GCC_WARN_UNUSED_VARIABLE = YES;
				IPHONEOS_DEPLOYMENT_TARGET = 17.2;
				LOCALIZATION_PREFERS_STRING_CATALOGS = YES;
				MTL_ENABLE_DEBUG_INFO = NO;
				MTL_FAST_MATH = YES;
				SDKROOT = iphoneos;
				SWIFT_COMPILATION_MODE = wholemodule;
				VALIDATE_PRODUCT = YES;
			};
			name = Release;
		};
		8B3734CB2C05DC7D00D1A4CE /* Debug */ = {
			isa = XCBuildConfiguration;
			buildSettings = {
				ASSETCATALOG_COMPILER_APPICON_NAME = AppIcon;
				ASSETCATALOG_COMPILER_GLOBAL_ACCENT_COLOR_NAME = AccentColor;
				CODE_SIGN_STYLE = Automatic;
				CURRENT_PROJECT_VERSION = 1;
				DEVELOPMENT_ASSET_PATHS = "\"LearningApp/Preview Content\"";
				ENABLE_PREVIEWS = YES;
				GENERATE_INFOPLIST_FILE = YES;
				INFOPLIST_KEY_UIApplicationSceneManifest_Generation = YES;
				INFOPLIST_KEY_UIApplicationSupportsIndirectInputEvents = YES;
				INFOPLIST_KEY_UILaunchScreen_Generation = YES;
				INFOPLIST_KEY_UISupportedInterfaceOrientations_iPad = "UIInterfaceOrientationPortrait UIInterfaceOrientationPortraitUpsideDown UIInterfaceOrientationLandscapeLeft UIInterfaceOrientationLandscapeRight";
				INFOPLIST_KEY_UISupportedInterfaceOrientations_iPhone = "UIInterfaceOrientationPortrait UIInterfaceOrientationLandscapeLeft UIInterfaceOrientationLandscapeRight";
				LD_RUNPATH_SEARCH_PATHS = (
					"$(inherited)",
					"@executable_path/Frameworks",
				);
				MARKETING_VERSION = 1.0;
				PRODUCT_BUNDLE_IDENTIFIER = pl.pollub.LearningApp;
				PRODUCT_NAME = "$(TARGET_NAME)";
				SWIFT_EMIT_LOC_STRINGS = YES;
				SWIFT_VERSION = 5.0;
				TARGETED_DEVICE_FAMILY = "1,2";
			};
			name = Debug;
		};
		8B3734CC2C05DC7D00D1A4CE /* Release */ = {
			isa = XCBuildConfiguration;
			buildSettings = {
				ASSETCATALOG_COMPILER_APPICON_NAME = AppIcon;
				ASSETCATALOG_COMPILER_GLOBAL_ACCENT_COLOR_NAME = AccentColor;
				CODE_SIGN_STYLE = Automatic;
				CURRENT_PROJECT_VERSION = 1;
				DEVELOPMENT_ASSET_PATHS = "\"LearningApp/Preview Content\"";
				ENABLE_PREVIEWS = YES;
				GENERATE_INFOPLIST_FILE = YES;
				INFOPLIST_KEY_UIApplicationSceneManifest_Generation = YES;
				INFOPLIST_KEY_UIApplicationSupportsIndirectInputEvents = YES;
				INFOPLIST_KEY_UILaunchScreen_Generation = YES;
				INFOPLIST_KEY_UISupportedInterfaceOrientations_iPad = "UIInterfaceOrientationPortrait UIInterfaceOrientationPortraitUpsideDown UIInterfaceOrientationLandscapeLeft UIInterfaceOrientationLandscapeRight";
				INFOPLIST_KEY_UISupportedInterfaceOrientations_iPhone = "UIInterfaceOrientationPortrait UIInterfaceOrientationLandscapeLeft UIInterfaceOrientationLandscapeRight";
				LD_RUNPATH_SEARCH_PATHS = (
					"$(inherited)",
					"@executable_path/Frameworks",
				);
				MARKETING_VERSION = 1.0;
				PRODUCT_BUNDLE_IDENTIFIER = pl.pollub.LearningApp;
				PRODUCT_NAME = "$(TARGET_NAME)";
				SWIFT_EMIT_LOC_STRINGS = YES;
				SWIFT_VERSION = 5.0;
				TARGETED_DEVICE_FAMILY = "1,2";
			};
			name = Release;
		};
/* End XCBuildConfiguration section */

/* Begin XCConfigurationList section */
		8B3734B22C05DC7B00D1A4CE /* Build configuration list for PBXProject "LearningApp" */ = {
			isa = XCConfigurationList;
			buildConfigurations = (
				8B3734C82C05DC7D00D1A4CE /* Debug */,
				8B3734C92C05DC7D00D1A4CE /* Release */,
			);
			defaultConfigurationIsVisible = 0;
			defaultConfigurationName = Release;
		};
		8B3734CA2C05DC7D00D1A4CE /* Build configuration list for PBXNativeTarget "LearningApp" */ = {
			isa = XCConfigurationList;
			buildConfigurations = (
				8B3734CB2C05DC7D00D1A4CE /* Debug */,
				8B3734CC2C05DC7D00D1A4CE /* Release */,
			);
			defaultConfigurationIsVisible = 0;
			defaultConfigurationName = Release;
		};
/* End XCConfigurationList section */

/* Begin XCVersionGroup section */
		8B3734C52C05DC7D00D1A4CE /* LearningApp.xcdatamodeld */ = {
			isa = XCVersionGroup;
			children = (
				8B3734C62C05DC7D00D1A4CE /* LearningApp.xcdatamodel */,
			);
			currentVersion = 8B3734C62C05DC7D00D1A4CE /* LearningApp.xcdatamodel */;
			path = LearningApp.xcdatamodeld;
			sourceTree = "<group>";
			versionGroupType = wrapper.xcdatamodel;
		};
/* End XCVersionGroup section */
	};
	rootObject = 8B3734AF2C05DC7B00D1A4CE /* Project object */;
}
